{
  "nodes": {
    "nixpkgs": {
      "locked": {
        "lastModified": 1751479989,
        "narHash": "sha256-M5KgdpVBVcW4HRVq9/OSRbrxlwsQ1ogEKqnvzsClDqU=",
        "owner": "nixos",
        "repo": "nixpkgs",
        "rev": "34627c90f062da515ea358360f448da57769236e",
        "type": "github"
      },
      "original": {
        "owner": "nixos",
        "ref": "nixos-25.05",
        "repo": "nixpkgs",
        "type": "github"
      }
    },
    "root": {
      "inputs": {
        "nixpkgs": "nixpkgs"
      }
    }
  },
  "root": "root",
  "version": 7
}
